
Microsoft Visual Studio Solution File, Format Version 12.00
# Visual Studio Version 16
VisualStudioVersion = 16.0.32413.511
MinimumVisualStudioVersion = 10.0.40219.1
Project("{FAE04EC0-301F-11D3-BF4B-00C04F79EFBC}") = "DeployDemoRest", "DeployDemoRest\DeployDemoRest.csproj", "{3B08023D-5B9F-46EF-BE87-66058D4363A1}"
EndProject
Global
	GlobalSection(SolutionConfigurationPlatforms) = preSolution
		Debug|Any CPU = Debug|Any CPU
		Release|Any CPU = Release|Any CPU
	EndGlobalSection
	GlobalSection(ProjectConfigurationPlatforms) = postSolution
		{3B08023D-5B9F-46EF-BE87-66058D4363A1}.Debug|Any CPU.ActiveCfg = Debug|Any CPU
		{3B08023D-5B9F-46EF-BE87-66058D4363A1}.Debug|Any CPU.Build.0 = Debug|Any CPU
		{3B08023D-5B9F-46EF-BE87-66058D4363A1}.Release|Any CPU.ActiveCfg = Release|Any CPU
		{3B08023D-5B9F-46EF-BE87-66058D4363A1}.Release|Any CPU.Build.0 = Release|Any CPU
	EndGlobalSection
	GlobalSection(SolutionProperties) = preSolution
		HideSolutionNode = FALSE
	EndGlobalSection
	GlobalSection(ExtensibilityGlobals) = postSolution
		SolutionGuid = {5D008461-83E4-4EDF-923D-B1D36376E849}
	EndGlobalSection
EndGlobal
